{
    "name": "nmig",
    "version": "4.0.0",
    "lockfileVersion": 1,
    "requires": true,
    "dependencies": {
        "@types/mysql": {
            "version": "2.15.5",
            "resolved": "https://registry.npmjs.org/@types/mysql/-/mysql-2.15.5.tgz",
            "integrity": "sha512-4QAISTUGZbcFh7bqdndo08xRdES5OTU+JODy8VCZbe1yiXyGjqw1H83G43XjQ3IbC10wn9xlGd44A5RXJwNh0Q==",
            "dev": true,
            "requires": {
                "@types/node": "*"
            }
        },
        "@types/node": {
            "version": "11.13.4",
            "resolved": "https://registry.npmjs.org/@types/node/-/node-11.13.4.tgz",
            "integrity": "sha512-+rabAZZ3Yn7tF/XPGHupKIL5EcAbrLxnTr/hgQICxbeuAfWtT0UZSfULE+ndusckBItcv4o6ZeOJplQikVcLvQ==",
            "dev": true
        },
        "@types/pg": {
            "version": "7.4.14",
            "resolved": "https://registry.npmjs.org/@types/pg/-/pg-7.4.14.tgz",
            "integrity": "sha512-2e4XapP9V/X42IGByC5IHzCzHqLLCNJid8iZBbkk6lkaDMvli8Rk62YE9wjGcLD5Qr5Zaw1ShkQyXy91PI8C0Q==",
            "dev": true,
            "requires": {
                "@types/node": "*",
                "@types/pg-types": "*"
            }
        },
        "@types/pg-types": {
            "version": "1.11.4",
            "resolved": "https://registry.npmjs.org/@types/pg-types/-/pg-types-1.11.4.tgz",
            "integrity": "sha512-WdIiQmE347LGc1Vq3Ki8sk3iyCuLgnccqVzgxek6gEHp2H0p3MQ3jniIHt+bRODXKju4kNQ+mp53lmP5+/9moQ==",
            "dev": true,
            "requires": {
                "moment": ">=2.14.0"
            }
        },
        "@types/tape": {
            "version": "4.2.33",
            "resolved": "https://registry.npmjs.org/@types/tape/-/tape-4.2.33.tgz",
            "integrity": "sha512-ltfyuY5BIkYlGuQfwqzTDT8f0q8Z5DGppvUnWGs39oqDmMd6/UWhNpX3ZMh/VYvfxs3rFGHMrLC/eGRdLiDGuw==",
            "dev": true,
            "requires": {
                "@types/node": "*"
            }
        },
        "balanced-match": {
            "version": "1.0.0",
            "resolved": "https://registry.npmjs.org/balanced-match/-/balanced-match-1.0.0.tgz",
            "integrity": "sha1-ibTRmasr7kneFk6gK4nORi1xt2c=",
            "dev": true
        },
        "bignumber.js": {
            "version": "4.1.0",
            "resolved": "https://registry.npmjs.org/bignumber.js/-/bignumber.js-4.1.0.tgz",
            "integrity": "sha512-eJzYkFYy9L4JzXsbymsFn3p54D+llV27oTQ+ziJG7WFRheJcNZilgVXMG0LoZtlQSKBsJdWtLFqOD0u+U0jZKA=="
        },
        "brace-expansion": {
            "version": "1.1.11",
            "resolved": "https://registry.npmjs.org/brace-expansion/-/brace-expansion-1.1.11.tgz",
            "integrity": "sha512-iCuPHDFgrHX7H2vEI/5xpz07zSHB00TpugqhmYtVmMO6518mCuRMoOYFldEBl0g187ufozdaHgWKcYFb61qGiA==",
            "dev": true,
            "requires": {
                "balanced-match": "^1.0.0",
                "concat-map": "0.0.1"
            }
        },
        "buffer-writer": {
            "version": "2.0.0",
            "resolved": "https://registry.npmjs.org/buffer-writer/-/buffer-writer-2.0.0.tgz",
            "integrity": "sha512-a7ZpuTZU1TRtnwyCNW3I5dc0wWNC3VR9S++Ewyk2HHZdrO3CQJqSpd+95Us590V6AL7JqUAH2IwZ/398PmNFgw=="
        },
        "concat-map": {
            "version": "0.0.1",
            "resolved": "https://registry.npmjs.org/concat-map/-/concat-map-0.0.1.tgz",
            "integrity": "sha1-2Klr13/Wjfd5OnMDajug1UBdR3s=",
            "dev": true
        },
        "core-util-is": {
            "version": "1.0.2",
            "resolved": "https://registry.npmjs.org/core-util-is/-/core-util-is-1.0.2.tgz",
            "integrity": "sha1-tf1UIgqivFq1eqtxQMlAdUUDwac="
        },
        "deep-equal": {
            "version": "1.0.1",
            "resolved": "https://registry.npmjs.org/deep-equal/-/deep-equal-1.0.1.tgz",
            "integrity": "sha1-9dJgKStmDghO/0zbyfCK0yR0SLU=",
            "dev": true
        },
        "define-properties": {
            "version": "1.1.3",
            "resolved": "https://registry.npmjs.org/define-properties/-/define-properties-1.1.3.tgz",
            "integrity": "sha512-3MqfYKj2lLzdMSf8ZIZE/V+Zuy+BgD6f164e8K2w7dgnpKArBDerGYpM46IYYcjnkdPNMjPk9A6VFB8+3SKlXQ==",
            "dev": true,
            "requires": {
                "object-keys": "^1.0.12"
            }
        },
        "defined": {
            "version": "1.0.0",
            "resolved": "https://registry.npmjs.org/defined/-/defined-1.0.0.tgz",
            "integrity": "sha1-yY2bzvdWdBiOEQlpFRGZ45sfppM=",
            "dev": true
        },
        "es-abstract": {
            "version": "1.13.0",
            "resolved": "https://registry.npmjs.org/es-abstract/-/es-abstract-1.13.0.tgz",
            "integrity": "sha512-vDZfg/ykNxQVwup/8E1BZhVzFfBxs9NqMzGcvIJrqg5k2/5Za2bWo40dK2J1pgLngZ7c+Shh8lwYtLGyrwPutg==",
            "dev": true,
            "requires": {
                "es-to-primitive": "^1.2.0",
                "function-bind": "^1.1.1",
                "has": "^1.0.3",
                "is-callable": "^1.1.4",
                "is-regex": "^1.0.4",
                "object-keys": "^1.0.12"
            }
        },
        "es-to-primitive": {
            "version": "1.2.0",
            "resolved": "https://registry.npmjs.org/es-to-primitive/-/es-to-primitive-1.2.0.tgz",
            "integrity": "sha512-qZryBOJjV//LaxLTV6UC//WewneB3LcXOL9NP++ozKVXsIIIpm/2c13UDiD9Jp2eThsecw9m3jPqDwTyobcdbg==",
            "dev": true,
            "requires": {
                "is-callable": "^1.1.4",
                "is-date-object": "^1.0.1",
                "is-symbol": "^1.0.2"
            }
        },
        "for-each": {
            "version": "0.3.3",
            "resolved": "https://registry.npmjs.org/for-each/-/for-each-0.3.3.tgz",
            "integrity": "sha512-jqYfLp7mo9vIyQf8ykW2v7A+2N4QjeCeI5+Dz9XraiO1ign81wjiH7Fb9vSOWvQfNtmSa4H2RoQTrrXivdUZmw==",
            "dev": true,
            "requires": {
                "is-callable": "^1.1.3"
            }
        },
        "fs.realpath": {
            "version": "1.0.0",
            "resolved": "https://registry.npmjs.org/fs.realpath/-/fs.realpath-1.0.0.tgz",
            "integrity": "sha1-FQStJSMVjKpA20onh8sBQRmU6k8=",
            "dev": true
        },
        "function-bind": {
            "version": "1.1.1",
            "resolved": "https://registry.npmjs.org/function-bind/-/function-bind-1.1.1.tgz",
            "integrity": "sha512-yIovAzMX49sF8Yl58fSCWJ5svSLuaibPxXQJFLmBObTuCr0Mf1KiPopGM9NiFjiYBCbfaa2Fh6breQ6ANVTI0A==",
            "dev": true
        },
        "glob": {
            "version": "7.1.3",
            "resolved": "https://registry.npmjs.org/glob/-/glob-7.1.3.tgz",
            "integrity": "sha512-vcfuiIxogLV4DlGBHIUOwI0IbrJ8HWPc4MU7HzviGeNho/UJDfi6B5p3sHeWIQ0KGIU0Jpxi5ZHxemQfLkkAwQ==",
            "dev": true,
            "requires": {
                "fs.realpath": "^1.0.0",
                "inflight": "^1.0.4",
                "inherits": "2",
                "minimatch": "^3.0.4",
                "once": "^1.3.0",
                "path-is-absolute": "^1.0.0"
            }
        },
        "has": {
            "version": "1.0.3",
            "resolved": "https://registry.npmjs.org/has/-/has-1.0.3.tgz",
            "integrity": "sha512-f2dvO0VU6Oej7RkWJGrehjbzMAjFp5/VKPp5tTpWIV4JHHZK1/BxbFRtf/siA2SWTe09caDmVtYYzWEIbBS4zw==",
            "dev": true,
            "requires": {
                "function-bind": "^1.1.1"
            }
        },
        "has-symbols": {
            "version": "1.0.0",
            "resolved": "https://registry.npmjs.org/has-symbols/-/has-symbols-1.0.0.tgz",
            "integrity": "sha1-uhqPGvKg/DllD1yFA2dwQSIGO0Q=",
            "dev": true
        },
        "inflight": {
            "version": "1.0.6",
            "resolved": "https://registry.npmjs.org/inflight/-/inflight-1.0.6.tgz",
            "integrity": "sha1-Sb1jMdfQLQwJvJEKEHW6gWW1bfk=",
            "dev": true,
            "requires": {
                "once": "^1.3.0",
                "wrappy": "1"
            }
        },
        "inherits": {
            "version": "2.0.3",
            "resolved": "https://registry.npmjs.org/inherits/-/inherits-2.0.3.tgz",
            "integrity": "sha1-Yzwsg+PaQqUC9SRmAiSA9CCCYd4="
        },
        "is-callable": {
            "version": "1.1.4",
            "resolved": "https://registry.npmjs.org/is-callable/-/is-callable-1.1.4.tgz",
            "integrity": "sha512-r5p9sxJjYnArLjObpjA4xu5EKI3CuKHkJXMhT7kwbpUyIFD1n5PMAsoPvWnvtZiNz7LjkYDRZhd7FlI0eMijEA==",
            "dev": true
        },
        "is-date-object": {
            "version": "1.0.1",
            "resolved": "https://registry.npmjs.org/is-date-object/-/is-date-object-1.0.1.tgz",
            "integrity": "sha1-mqIOtq7rv/d/vTPnTKAbM1gdOhY=",
            "dev": true
        },
        "is-regex": {
            "version": "1.0.4",
            "resolved": "https://registry.npmjs.org/is-regex/-/is-regex-1.0.4.tgz",
            "integrity": "sha1-VRdIm1RwkbCTDglWVM7SXul+lJE=",
            "dev": true,
            "requires": {
                "has": "^1.0.1"
            }
        },
        "is-symbol": {
            "version": "1.0.2",
            "resolved": "https://registry.npmjs.org/is-symbol/-/is-symbol-1.0.2.tgz",
            "integrity": "sha512-HS8bZ9ox60yCJLH9snBpIwv9pYUAkcuLhSA1oero1UB5y9aiQpRA8y2ex945AOtCZL1lJDeIk3G5LthswI46Lw==",
            "dev": true,
            "requires": {
                "has-symbols": "^1.0.0"
            }
        },
        "isarray": {
            "version": "1.0.0",
            "resolved": "https://registry.npmjs.org/isarray/-/isarray-1.0.0.tgz",
            "integrity": "sha1-u5NdSFgsuhaMBoNJV6VKPgcSTxE="
        },
        "minimatch": {
            "version": "3.0.4",
            "resolved": "https://registry.npmjs.org/minimatch/-/minimatch-3.0.4.tgz",
            "integrity": "sha512-yJHVQEhyqPLUTgt9B83PXu6W3rx4MvvHvSUvToogpwoGDOUQ+yDrR0HRot+yOCdCO7u4hX3pWft6kWBBcqh0UA==",
            "dev": true,
            "requires": {
                "brace-expansion": "^1.1.7"
            }
        },
        "minimist": {
            "version": "1.2.0",
            "resolved": "https://registry.npmjs.org/minimist/-/minimist-1.2.0.tgz",
            "integrity": "sha1-o1AIsg9BOD7sH7kU9M1d95omQoQ=",
            "dev": true
        },
        "moment": {
            "version": "2.24.0",
            "resolved": "https://registry.npmjs.org/moment/-/moment-2.24.0.tgz",
            "integrity": "sha512-bV7f+6l2QigeBBZSM/6yTNq4P2fNpSWj/0e7jQcy87A8e7o2nAfP/34/2ky5Vw4B9S446EtIhodAzkFCcR4dQg==",
            "dev": true
        },
        "mysql": {
            "version": "2.16.0",
            "resolved": "https://registry.npmjs.org/mysql/-/mysql-2.16.0.tgz",
            "integrity": "sha512-dPbN2LHonQp7D5ja5DJXNbCLe/HRdu+f3v61aguzNRQIrmZLOeRoymBYyeThrR6ug+FqzDL95Gc9maqZUJS+Gw==",
            "requires": {
                "bignumber.js": "4.1.0",
                "readable-stream": "2.3.6",
                "safe-buffer": "5.1.2",
                "sqlstring": "2.3.1"
            }
        },
        "object-inspect": {
            "version": "1.6.0",
            "resolved": "https://registry.npmjs.org/object-inspect/-/object-inspect-1.6.0.tgz",
            "integrity": "sha512-GJzfBZ6DgDAmnuaM3104jR4s1Myxr3Y3zfIyN4z3UdqN69oSRacNK8UhnobDdC+7J2AHCjGwxQubNJfE70SXXQ==",
            "dev": true
        },
        "object-keys": {
            "version": "1.1.1",
            "resolved": "https://registry.npmjs.org/object-keys/-/object-keys-1.1.1.tgz",
            "integrity": "sha512-NuAESUOUMrlIXOfHKzD6bpPu3tYt3xvjNdRIQ+FeT0lNb4K8WR70CaDxhuNguS2XG+GjkyMwOzsN5ZktImfhLA==",
            "dev": true
        },
        "once": {
            "version": "1.4.0",
            "resolved": "https://registry.npmjs.org/once/-/once-1.4.0.tgz",
            "integrity": "sha1-WDsap3WWHUsROsF9nFC6753Xa9E=",
            "dev": true,
            "requires": {
                "wrappy": "1"
            }
        },
        "packet-reader": {
            "version": "1.0.0",
            "resolved": "https://registry.npmjs.org/packet-reader/-/packet-reader-1.0.0.tgz",
            "integrity": "sha512-HAKu/fG3HpHFO0AA8WE8q2g+gBJaZ9MG7fcKk+IJPLTGAD6Psw4443l+9DGRbOIh3/aXr7Phy0TjilYivJo5XQ=="
        },
        "path-is-absolute": {
            "version": "1.0.1",
            "resolved": "https://registry.npmjs.org/path-is-absolute/-/path-is-absolute-1.0.1.tgz",
            "integrity": "sha1-F0uSaHNVNP+8es5r9TpanhtcX18=",
            "dev": true
        },
        "path-parse": {
            "version": "1.0.6",
            "resolved": "https://registry.npmjs.org/path-parse/-/path-parse-1.0.6.tgz",
            "integrity": "sha512-GSmOT2EbHrINBf9SR7CDELwlJ8AENk3Qn7OikK4nFYAu3Ote2+JYNVvkpAEQm3/TLNEJFD/xZJjzyxg3KBWOzw==",
            "dev": true
        },
        "pg": {
            "version": "7.9.0",
            "resolved": "https://registry.npmjs.org/pg/-/pg-7.9.0.tgz",
            "integrity": "sha512-GkzteBFpsIoIBCSuomqik3IGvhqAtTr32jclR24RmUg170Jrn6ypwR97YalFHrsE1iaW8T0aAH13dmij8QUQ0g==",
            "requires": {
                "buffer-writer": "2.0.0",
                "packet-reader": "1.0.0",
                "pg-connection-string": "0.1.3",
                "pg-pool": "^2.0.4",
                "pg-types": "~2.0.0",
                "pgpass": "1.x",
                "semver": "4.3.2"
            }
        },
        "pg-connection-string": {
            "version": "0.1.3",
            "resolved": "https://registry.npmjs.org/pg-connection-string/-/pg-connection-string-0.1.3.tgz",
            "integrity": "sha1-2hhHsglA5C7hSSvq9l1J2RskXfc="
        },
        "pg-copy-streams": {
            "version": "2.2.0",
            "resolved": "https://registry.npmjs.org/pg-copy-streams/-/pg-copy-streams-2.2.0.tgz",
            "integrity": "sha512-w1gy/KAD49vaCCUfqcjh4fy1V4TF6fvtZ+EaRAU0QKtADMxihb+qYRgbWTDbi6Lh6v31CsWC0ru8vCDHofrRQQ=="
        },
        "pg-int8": {
            "version": "1.0.1",
            "resolved": "https://registry.npmjs.org/pg-int8/-/pg-int8-1.0.1.tgz",
            "integrity": "sha512-WCtabS6t3c8SkpDBUlb1kjOs7l66xsGdKpIPZsg4wR+B3+u9UAum2odSsF9tnvxg80h4ZxLWMy4pRjOsFIqQpw=="
        },
        "pg-pool": {
            "version": "2.0.6",
            "resolved": "https://registry.npmjs.org/pg-pool/-/pg-pool-2.0.6.tgz",
            "integrity": "sha512-hod2zYQxM8Gt482q+qONGTYcg/qVcV32VHVPtktbBJs0us3Dj7xibISw0BAAXVMCzt8A/jhfJvpZaxUlqtqs0g=="
        },
        "pg-types": {
            "version": "2.0.1",
            "resolved": "https://registry.npmjs.org/pg-types/-/pg-types-2.0.1.tgz",
            "integrity": "sha512-b7y6QM1VF5nOeX9ukMQ0h8a9z89mojrBHXfJeSug4mhL0YpxNBm83ot2TROyoAmX/ZOX3UbwVO4EbH7i1ZZNiw==",
            "requires": {
                "pg-int8": "1.0.1",
                "postgres-array": "~2.0.0",
                "postgres-bytea": "~1.0.0",
                "postgres-date": "~1.0.4",
                "postgres-interval": "^1.1.0"
            }
        },
        "pgpass": {
            "version": "1.0.2",
            "resolved": "https://registry.npmjs.org/pgpass/-/pgpass-1.0.2.tgz",
            "integrity": "sha1-Knu0G2BltnkH6R2hsHwYR8h3swY=",
            "requires": {
                "split": "^1.0.0"
            }
        },
        "postgres-array": {
            "version": "2.0.0",
            "resolved": "https://registry.npmjs.org/postgres-array/-/postgres-array-2.0.0.tgz",
            "integrity": "sha512-VpZrUqU5A69eQyW2c5CA1jtLecCsN2U/bD6VilrFDWq5+5UIEVO7nazS3TEcHf1zuPYO/sqGvUvW62g86RXZuA=="
        },
        "postgres-bytea": {
            "version": "1.0.0",
            "resolved": "https://registry.npmjs.org/postgres-bytea/-/postgres-bytea-1.0.0.tgz",
            "integrity": "sha1-AntTPAqokOJtFy1Hz5zOzFIazTU="
        },
        "postgres-date": {
            "version": "1.0.4",
            "resolved": "https://registry.npmjs.org/postgres-date/-/postgres-date-1.0.4.tgz",
            "integrity": "sha512-bESRvKVuTrjoBluEcpv2346+6kgB7UlnqWZsnbnCccTNq/pqfj1j6oBaN5+b/NrDXepYUT/HKadqv3iS9lJuVA=="
        },
        "postgres-interval": {
            "version": "1.2.0",
            "resolved": "https://registry.npmjs.org/postgres-interval/-/postgres-interval-1.2.0.tgz",
            "integrity": "sha512-9ZhXKM/rw350N1ovuWHbGxnGh/SNJ4cnxHiM0rxE4VN41wsg8P8zWn9hv/buK00RP4WvlOyr/RBDiptyxVbkZQ==",
            "requires": {
                "xtend": "^4.0.0"
            }
        },
        "process-nextick-args": {
            "version": "2.0.0",
            "resolved": "https://registry.npmjs.org/process-nextick-args/-/process-nextick-args-2.0.0.tgz",
            "integrity": "sha512-MtEC1TqN0EU5nephaJ4rAtThHtC86dNN9qCuEhtshvpVBkAW5ZO7BASN9REnF9eoXGcRub+pFuKEpOHE+HbEMw=="
        },
        "readable-stream": {
            "version": "2.3.6",
            "resolved": "https://registry.npmjs.org/readable-stream/-/readable-stream-2.3.6.tgz",
            "integrity": "sha512-tQtKA9WIAhBF3+VLAseyMqZeBjW0AHJoxOtYqSUZNJxauErmLbVm2FW1y+J/YA9dUrAC39ITejlZWhVIwawkKw==",
            "requires": {
                "core-util-is": "~1.0.0",
                "inherits": "~2.0.3",
                "isarray": "~1.0.0",
                "process-nextick-args": "~2.0.0",
                "safe-buffer": "~5.1.1",
                "string_decoder": "~1.1.1",
                "util-deprecate": "~1.0.1"
            }
        },
        "resolve": {
            "version": "1.10.0",
            "resolved": "https://registry.npmjs.org/resolve/-/resolve-1.10.0.tgz",
            "integrity": "sha512-3sUr9aq5OfSg2S9pNtPA9hL1FVEAjvfOC4leW0SNf/mpnaakz2a9femSd6LqAww2RaFctwyf1lCqnTHuF1rxDg==",
            "dev": true,
            "requires": {
                "path-parse": "^1.0.6"
            }
        },
        "resumer": {
            "version": "0.0.0",
            "resolved": "https://registry.npmjs.org/resumer/-/resumer-0.0.0.tgz",
            "integrity": "sha1-8ej0YeQGS6Oegq883CqMiT0HZ1k=",
            "dev": true,
            "requires": {
                "through": "~2.3.4"
            }
        },
        "safe-buffer": {
            "version": "5.1.2",
            "resolved": "https://registry.npmjs.org/safe-buffer/-/safe-buffer-5.1.2.tgz",
            "integrity": "sha512-Gd2UZBJDkXlY7GbJxfsE8/nvKkUEU1G38c1siN6QP6a9PT9MmHB8GnpscSmMJSoF8LOIrt8ud/wPtojys4G6+g=="
        },
        "semver": {
            "version": "4.3.2",
            "resolved": "https://registry.npmjs.org/semver/-/semver-4.3.2.tgz",
            "integrity": "sha1-x6BxWKgL7dBSNVt3DYLWZA+AO+c="
        },
        "split": {
            "version": "1.0.1",
            "resolved": "https://registry.npmjs.org/split/-/split-1.0.1.tgz",
            "integrity": "sha512-mTyOoPbrivtXnwnIxZRFYRrPNtEFKlpB2fvjSnCQUiAA6qAZzqwna5envK4uk6OIeP17CsdF3rSBGYVBsU0Tkg==",
            "requires": {
                "through": "2"
            }
        },
        "sqlstring": {
            "version": "2.3.1",
            "resolved": "https://registry.npmjs.org/sqlstring/-/sqlstring-2.3.1.tgz",
            "integrity": "sha1-R1OT/56RR5rqYtyvDKPRSYOn+0A="
        },
        "string.prototype.trim": {
            "version": "1.1.2",
            "resolved": "https://registry.npmjs.org/string.prototype.trim/-/string.prototype.trim-1.1.2.tgz",
            "integrity": "sha1-0E3iyJ4Tf019IG8Ia17S+ua+jOo=",
            "dev": true,
            "requires": {
                "define-properties": "^1.1.2",
                "es-abstract": "^1.5.0",
                "function-bind": "^1.0.2"
            }
        },
        "string_decoder": {
            "version": "1.1.1",
            "resolved": "https://registry.npmjs.org/string_decoder/-/string_decoder-1.1.1.tgz",
            "integrity": "sha512-n/ShnvDi6FHbbVfviro+WojiFzv+s8MPMHBczVePfUpDJLwoLT0ht1l4YwBCbi8pJAveEEdnkHyPyTP/mzRfwg==",
            "requires": {
                "safe-buffer": "~5.1.0"
            }
        },
        "tape": {
            "version": "4.10.1",
            "resolved": "https://registry.npmjs.org/tape/-/tape-4.10.1.tgz",
            "integrity": "sha512-G0DywYV1jQeY3axeYnXUOt6ktnxS9OPJh97FGR3nrua8lhWi1zPflLxcAHavZ7Jf3qUfY7cxcVIVFa4mY2IY1w==",
            "dev": true,
            "requires": {
                "deep-equal": "~1.0.1",
                "defined": "~1.0.0",
                "for-each": "~0.3.3",
                "function-bind": "~1.1.1",
                "glob": "~7.1.3",
                "has": "~1.0.3",
                "inherits": "~2.0.3",
                "minimist": "~1.2.0",
                "object-inspect": "~1.6.0",
                "resolve": "~1.10.0",
                "resumer": "~0.0.0",
                "string.prototype.trim": "~1.1.2",
                "through": "~2.3.8"
            }
        },
        "through": {
            "version": "2.3.8",
            "resolved": "https://registry.npmjs.org/through/-/through-2.3.8.tgz",
            "integrity": "sha1-DdTJ/6q8NXlgsbckEV1+Doai4fU="
        },
        "typescript": {
            "version": "3.4.3",
            "resolved": "https://registry.npmjs.org/typescript/-/typescript-3.4.3.tgz",
            "integrity": "sha512-FFgHdPt4T/duxx6Ndf7hwgMZZjZpB+U0nMNGVCYPq0rEzWKjEDobm4J6yb3CS7naZ0yURFqdw9Gwc7UOh/P9oQ==",
            "dev": true
        },
        "util-deprecate": {
            "version": "1.0.2",
            "resolved": "https://registry.npmjs.org/util-deprecate/-/util-deprecate-1.0.2.tgz",
            "integrity": "sha1-RQ1Nyfpw3nMnYvvS1KKJgUGaDM8="
        },
        "wrappy": {
            "version": "1.0.2",
            "resolved": "https://registry.npmjs.org/wrappy/-/wrappy-1.0.2.tgz",
            "integrity": "sha1-tSQ9jz7BqjXxNkYFvA0QNuMKtp8=",
            "dev": true
        },
        "xtend": {
            "version": "4.0.1",
            "resolved": "https://registry.npmjs.org/xtend/-/xtend-4.0.1.tgz",
            "integrity": "sha1-pcbVMr5lbiPbgg77lDofBJmNY68="
        }
    }
}
