{
    "name": "nmig",
    "version": "3.3.1",
    "lockfileVersion": 1,
    "requires": true,
    "dependencies": {
        "bignumber.js": {
            "version": "4.0.2",
            "resolved": "https://registry.npmjs.org/bignumber.js/-/bignumber.js-4.0.2.tgz",
            "integrity": "sha1-LR3DfuWWiGfs6pC22k0W5oYI0h0="
        },
        "buffer-writer": {
            "version": "1.0.1",
            "resolved": "https://registry.npmjs.org/buffer-writer/-/buffer-writer-1.0.1.tgz",
            "integrity": "sha1-Iqk2kB4wKa/NdUfrRIfOtpejvwg="
        },
        "core-util-is": {
            "version": "1.0.2",
            "resolved": "https://registry.npmjs.org/core-util-is/-/core-util-is-1.0.2.tgz",
            "integrity": "sha1-tf1UIgqivFq1eqtxQMlAdUUDwac="
        },
        "inherits": {
            "version": "2.0.3",
            "resolved": "https://registry.npmjs.org/inherits/-/inherits-2.0.3.tgz",
            "integrity": "sha1-Yzwsg+PaQqUC9SRmAiSA9CCCYd4="
        },
        "isarray": {
            "version": "1.0.0",
            "resolved": "https://registry.npmjs.org/isarray/-/isarray-1.0.0.tgz",
            "integrity": "sha1-u5NdSFgsuhaMBoNJV6VKPgcSTxE="
        },
        "js-string-escape": {
            "version": "1.0.1",
            "resolved": "https://registry.npmjs.org/js-string-escape/-/js-string-escape-1.0.1.tgz",
            "integrity": "sha1-4mJbrbwNZ8dTPp7cEGjFh65BN+8="
        },
        "mysql": {
            "version": "2.14.1",
            "resolved": "https://registry.npmjs.org/mysql/-/mysql-2.14.1.tgz",
            "integrity": "sha512-ZPXqQeYH7L1QPDyC77Rcp32cNCQnNjz8Y4BbF17tOjm5yhSfjFa3xS4PvuxWJtEEmwVc4ccI7sSntj4eyYRq0A==",
            "requires": {
                "bignumber.js": "4.0.2",
                "readable-stream": "2.3.3",
                "safe-buffer": "5.1.1",
                "sqlstring": "2.2.0"
            }
        },
        "packet-reader": {
            "version": "0.3.1",
            "resolved": "https://registry.npmjs.org/packet-reader/-/packet-reader-0.3.1.tgz",
            "integrity": "sha1-zWLmCvjX/qinBexP+ZCHHEaHHyc="
        },
        "pg": {
            "version": "7.3.0",
            "resolved": "https://registry.npmjs.org/pg/-/pg-7.3.0.tgz",
            "integrity": "sha1-J14nRm5UpkX2tKFvasrfa4Sa2Ds=",
            "requires": {
                "buffer-writer": "1.0.1",
                "js-string-escape": "1.0.1",
                "packet-reader": "0.3.1",
                "pg-connection-string": "0.1.3",
                "pg-pool": "2.0.3",
                "pg-types": "1.12.1",
                "pgpass": "1.0.2",
                "semver": "4.3.2"
            },
            "dependencies": {
                "pg-types": {
                    "version": "1.12.1",
                    "resolved": "https://registry.npmjs.org/pg-types/-/pg-types-1.12.1.tgz",
                    "integrity": "sha1-1kCH45A7WP+q0nnnWVxSIIoUw9I=",
                    "requires": {
                        "postgres-array": "1.0.2",
                        "postgres-bytea": "1.0.0",
                        "postgres-date": "1.0.3",
                        "postgres-interval": "1.1.1"
                    }
                }
            }
        },
        "pg-connection-string": {
            "version": "0.1.3",
            "resolved": "https://registry.npmjs.org/pg-connection-string/-/pg-connection-string-0.1.3.tgz",
            "integrity": "sha1-2hhHsglA5C7hSSvq9l1J2RskXfc="
        },
        "pg-copy-streams": {
            "version": "1.2.0",
            "resolved": "https://registry.npmjs.org/pg-copy-streams/-/pg-copy-streams-1.2.0.tgz",
            "integrity": "sha1-ez+d7gtsX8IGj1nED6IY4MHXQkk="
        },
        "pg-pool": {
            "version": "2.0.3",
            "resolved": "https://registry.npmjs.org/pg-pool/-/pg-pool-2.0.3.tgz",
            "integrity": "sha1-wCIDLIlJ8xKk+R+2QJzgQHa+Mlc="
        },
        "pgpass": {
            "version": "1.0.2",
            "resolved": "https://registry.npmjs.org/pgpass/-/pgpass-1.0.2.tgz",
            "integrity": "sha1-Knu0G2BltnkH6R2hsHwYR8h3swY=",
            "requires": {
                "split": "1.0.1"
            }
        },
        "postgres-array": {
            "version": "1.0.2",
            "resolved": "https://registry.npmjs.org/postgres-array/-/postgres-array-1.0.2.tgz",
            "integrity": "sha1-jgsy6wO/d6XAp4UeBEHBaaJWojg="
        },
        "postgres-bytea": {
            "version": "1.0.0",
            "resolved": "https://registry.npmjs.org/postgres-bytea/-/postgres-bytea-1.0.0.tgz",
            "integrity": "sha1-AntTPAqokOJtFy1Hz5zOzFIazTU="
        },
        "postgres-date": {
            "version": "1.0.3",
            "resolved": "https://registry.npmjs.org/postgres-date/-/postgres-date-1.0.3.tgz",
            "integrity": "sha1-4tiXAu/bJY/52c7g/pG9BpdSV6g="
        },
        "postgres-interval": {
            "version": "1.1.1",
            "resolved": "https://registry.npmjs.org/postgres-interval/-/postgres-interval-1.1.1.tgz",
            "integrity": "sha512-OkuCi9t/3CZmeQreutGgx/OVNv9MKHGIT5jH8KldQ4NLYXkvmT9nDVxEuCENlNwhlGPE374oA/xMqn05G49pHA==",
            "requires": {
                "xtend": "4.0.1"
            }
        },
        "process-nextick-args": {
            "version": "1.0.7",
            "resolved": "https://registry.npmjs.org/process-nextick-args/-/process-nextick-args-1.0.7.tgz",
            "integrity": "sha1-FQ4gt1ZZCtP5EJPyWk8q2L/zC6M="
        },
        "readable-stream": {
            "version": "2.3.3",
            "resolved": "https://registry.npmjs.org/readable-stream/-/readable-stream-2.3.3.tgz",
            "integrity": "sha512-m+qzzcn7KUxEmd1gMbchF+Y2eIUbieUaxkWtptyHywrX0rE8QEYqPC07Vuy4Wm32/xE16NcdBctb8S0Xe/5IeQ==",
            "requires": {
                "core-util-is": "1.0.2",
                "inherits": "2.0.3",
                "isarray": "1.0.0",
                "process-nextick-args": "1.0.7",
                "safe-buffer": "5.1.1",
                "string_decoder": "1.0.3",
                "util-deprecate": "1.0.2"
            }
        },
        "safe-buffer": {
            "version": "5.1.1",
            "resolved": "https://registry.npmjs.org/safe-buffer/-/safe-buffer-5.1.1.tgz",
            "integrity": "sha512-kKvNJn6Mm93gAczWVJg7wH+wGYWNrDHdWvpUmHyEsgCtIwwo3bqPtV4tR5tuPaUhTOo/kvhVwd8XwwOllGYkbg=="
        },
        "semver": {
            "version": "4.3.2",
            "resolved": "https://registry.npmjs.org/semver/-/semver-4.3.2.tgz",
            "integrity": "sha1-x6BxWKgL7dBSNVt3DYLWZA+AO+c="
        },
        "split": {
            "version": "1.0.1",
            "resolved": "https://registry.npmjs.org/split/-/split-1.0.1.tgz",
            "integrity": "sha512-mTyOoPbrivtXnwnIxZRFYRrPNtEFKlpB2fvjSnCQUiAA6qAZzqwna5envK4uk6OIeP17CsdF3rSBGYVBsU0Tkg==",
            "requires": {
                "through": "2.3.8"
            }
        },
        "sqlstring": {
            "version": "2.2.0",
            "resolved": "https://registry.npmjs.org/sqlstring/-/sqlstring-2.2.0.tgz",
            "integrity": "sha1-wxNcTqirzX5+50GklmqJHYak8ZE="
        },
        "string_decoder": {
            "version": "1.0.3",
            "resolved": "https://registry.npmjs.org/string_decoder/-/string_decoder-1.0.3.tgz",
            "integrity": "sha512-4AH6Z5fzNNBcH+6XDMfA/BTt87skxqJlO0lAh3Dker5zThcAxG6mKz+iGu308UKoPPQ8Dcqx/4JhujzltRa+hQ==",
            "requires": {
                "safe-buffer": "5.1.1"
            }
        },
        "through": {
            "version": "2.3.8",
            "resolved": "https://registry.npmjs.org/through/-/through-2.3.8.tgz",
            "integrity": "sha1-DdTJ/6q8NXlgsbckEV1+Doai4fU="
        },
        "util-deprecate": {
            "version": "1.0.2",
            "resolved": "https://registry.npmjs.org/util-deprecate/-/util-deprecate-1.0.2.tgz",
            "integrity": "sha1-RQ1Nyfpw3nMnYvvS1KKJgUGaDM8="
        },
        "xtend": {
            "version": "4.0.1",
            "resolved": "https://registry.npmjs.org/xtend/-/xtend-4.0.1.tgz",
            "integrity": "sha1-pcbVMr5lbiPbgg77lDofBJmNY68="
        }
    }
}
